
Microsoft Visual Studio Solution File, Format Version 12.00
# Visual Studio Version 17
VisualStudioVersion = 17.0.32014.148
MinimumVisualStudioVersion = 10.0.40219.1
Project("{FAE04EC0-301F-11D3-BF4B-00C04F79EFBC}") = "pansiyon", "pansiyon\pansiyon.csproj", "{82D86D12-EB3A-41A3-B6F1-4D400256F55D}"
EndProject
Global
	GlobalSection(SolutionConfigurationPlatforms) = preSolution
		Debug|Any CPU = Debug|Any CPU
		Release|Any CPU = Release|Any CPU
	EndGlobalSection
	GlobalSection(ProjectConfigurationPlatforms) = postSolution
		{82D86D12-EB3A-41A3-B6F1-4D400256F55D}.Debug|Any CPU.ActiveCfg = Debug|Any CPU
		{82D86D12-EB3A-41A3-B6F1-4D400256F55D}.Debug|Any CPU.Build.0 = Debug|Any CPU
		{82D86D12-EB3A-41A3-B6F1-4D400256F55D}.Release|Any CPU.ActiveCfg = Release|Any CPU
		{82D86D12-EB3A-41A3-B6F1-4D400256F55D}.Release|Any CPU.Build.0 = Release|Any CPU
	EndGlobalSection
	GlobalSection(SolutionProperties) = preSolution
		HideSolutionNode = FALSE
	EndGlobalSection
	GlobalSection(ExtensibilityGlobals) = postSolution
		SolutionGuid = {CAF877B3-6908-43C1-9631-02F28FA4A2C6}
	EndGlobalSection
EndGlobal
